PODS:
  - GLExtensions (1.0.5)
  - GLFrameLib (0.0.2):
    - GLExtensions
    - SDWebImage
    - Yoga
  - GLRouter (2.0.5)
  - SDWebImage (5.10.0):
    - SDWebImage/Core (= 5.10.0)
  - SDWebImage/Core (5.10.0)
  - Yoga (1.14.0)

DEPENDENCIES:
  - GLFrameLib (from `../`)
  - GLRouter

SPEC REPOS:
  trunk:
    - GLExtensions
    - GLRouter
    - SDWebImage
    - Yoga

EXTERNAL SOURCES:
  GLFrameLib:
    :path: "../"

SPEC CHECKSUMS:
  GLExtensions: 383d5532d5824e1b34c04e860752df58d7de37cd
  GLFrameLib: d60c51f425e924caccb9c9f98fc8dad5b80429da
  GLRouter: c01ea5cfecb27f1f83211213b112a34d7003ab7b
  SDWebImage: 9169792e9eec3e45bba2a0c02f74bf8bd922d1ee
  Yoga: cff67a400f6b74dc38eb0bad4f156673d9aa980c

PODFILE CHECKSUM: b824488fc38e366a573a1afcca972263f90e249a

COCOAPODS: 1.10.0
